
Microsoft Visual Studio Solution File, Format Version 12.00
# Visual Studio 14
VisualStudioVersion = 14.0.23107.0
MinimumVisualStudioVersion = 10.0.40219.1
Project("{FAE04EC0-301F-11D3-BF4B-00C04F79EFBC}") = "NewsArticle", "NewsArticle\NewsArticle.csproj", "{E0EEE906-88CB-439E-BA67-9C3B44DB33BC}"
EndProject
Project("{2150E333-8FDC-42A3-9474-1A3956D46DE8}") = "PublishScripts", "PublishScripts", "{283F8AA2-B1EA-4FE6-90ED-04718C8D8D2C}"
EndProject
Project("{2150E333-8FDC-42A3-9474-1A3956D46DE8}") = "Scripts", "Scripts", "{8B86B3D8-9DB5-4651-A06D-0F3E0D27CB4A}"
	ProjectSection(SolutionItems) = preProject
		PublishScripts\Scripts\Deploy-AzureResourceGroup.ps1 = PublishScripts\Scripts\Deploy-AzureResourceGroup.ps1
	EndProjectSection
EndProject
Project("{2150E333-8FDC-42A3-9474-1A3956D46DE8}") = "Templates", "Templates", "{6E2ACAA5-7CFD-46A9-9CEC-007EE85E73E8}"
	ProjectSection(SolutionItems) = preProject
		PublishScripts\Templates\NewsArticle.json = PublishScripts\Templates\NewsArticle.json
		PublishScripts\Templates\NewsArticle.param.dev.json = PublishScripts\Templates\NewsArticle.param.dev.json
	EndProjectSection
EndProject
Global
	GlobalSection(SolutionConfigurationPlatforms) = preSolution
		Debug|Any CPU = Debug|Any CPU
		Release|Any CPU = Release|Any CPU
	EndGlobalSection
	GlobalSection(ProjectConfigurationPlatforms) = postSolution
		{E0EEE906-88CB-439E-BA67-9C3B44DB33BC}.Debug|Any CPU.ActiveCfg = Debug|Any CPU
		{E0EEE906-88CB-439E-BA67-9C3B44DB33BC}.Debug|Any CPU.Build.0 = Debug|Any CPU
		{E0EEE906-88CB-439E-BA67-9C3B44DB33BC}.Release|Any CPU.ActiveCfg = Release|Any CPU
		{E0EEE906-88CB-439E-BA67-9C3B44DB33BC}.Release|Any CPU.Build.0 = Release|Any CPU
	EndGlobalSection
	GlobalSection(SolutionProperties) = preSolution
		HideSolutionNode = FALSE
	EndGlobalSection
	GlobalSection(NestedProjects) = preSolution
		{8B86B3D8-9DB5-4651-A06D-0F3E0D27CB4A} = {283F8AA2-B1EA-4FE6-90ED-04718C8D8D2C}
		{6E2ACAA5-7CFD-46A9-9CEC-007EE85E73E8} = {283F8AA2-B1EA-4FE6-90ED-04718C8D8D2C}
	EndGlobalSection
EndGlobal
